// !$*UTF8*$!
{
	archiveVersion = 1;
	classes = {
	};
	objectVersion = 56;
	objects = {

/* Begin PBXBuildFile section */
		1A44CD9B2AEA8BCE005F6942 /* AppDelegate.swift in Sources */ = {isa = PBXBuildFile; fileRef = 1A44CD9A2AEA8BCE005F6942 /* AppDelegate.swift */; };
		1A44CD9D2AEA8BCE005F6942 /* SceneDelegate.swift in Sources */ = {isa = PBXBuildFile; fileRef = 1A44CD9C2AEA8BCE005F6942 /* SceneDelegate.swift */; };
		1A44CD9F2AEA8BCE005F6942 /* ViewController.swift in Sources */ = {isa = PBXBuildFile; fileRef = 1A44CD9E2AEA8BCE005F6942 /* ViewController.swift */; };
		1A44CDA42AEA8BD0005F6942 /* Assets.xcassets in Resources */ = {isa = PBXBuildFile; fileRef = 1A44CDA32AEA8BD0005F6942 /* Assets.xcassets */; };
		1A44CDA72AEA8BD0005F6942 /* LaunchScreen.storyboard in Resources */ = {isa = PBXBuildFile; fileRef = 1A44CDA52AEA8BD0005F6942 /* LaunchScreen.storyboard */; };
		1A44CDAF2AEA9164005F6942 /* CollectionViewCell.swift in Sources */ = {isa = PBXBuildFile; fileRef = 1A44CDAE2AEA9164005F6942 /* CollectionViewCell.swift */; };
		1A44CDB12AEA9365005F6942 /* country.swift in Sources */ = {isa = PBXBuildFile; fileRef = 1A44CDB02AEA9365005F6942 /* country.swift */; };
		1A44CDB32AEAA673005F6942 /* ViewController2.swift in Sources */ = {isa = PBXBuildFile; fileRef = 1A44CDB22AEAA673005F6942 /* ViewController2.swift */; };
		1A44CDB52AEAA6EF005F6942 /* CWButton.swift in Sources */ = {isa = PBXBuildFile; fileRef = 1A44CDB42AEAA6EF005F6942 /* CWButton.swift */; };
/* End PBXBuildFile section */

/* Begin PBXFileReference section */
		1A44CD972AEA8BCE005F6942 /* CurrencyConventor.app */ = {isa = PBXFileReference; explicitFileType = wrapper.application; includeInIndex = 0; path = CurrencyConventor.app; sourceTree = BUILT_PRODUCTS_DIR; };
		1A44CD9A2AEA8BCE005F6942 /* AppDelegate.swift */ = {isa = PBXFileReference; lastKnownFileType = sourcecode.swift; path = AppDelegate.swift; sourceTree = "<group>"; };
		1A44CD9C2AEA8BCE005F6942 /* SceneDelegate.swift */ = {isa = PBXFileReference; lastKnownFileType = sourcecode.swift; path = SceneDelegate.swift; sourceTree = "<group>"; };
		1A44CD9E2AEA8BCE005F6942 /* ViewController.swift */ = {isa = PBXFileReference; lastKnownFileType = sourcecode.swift; path = ViewController.swift; sourceTree = "<group>"; };
		1A44CDA32AEA8BD0005F6942 /* Assets.xcassets */ = {isa = PBXFileReference; lastKnownFileType = folder.assetcatalog; path = Assets.xcassets; sourceTree = "<group>"; };
		1A44CDA62AEA8BD0005F6942 /* Base */ = {isa = PBXFileReference; lastKnownFileType = file.storyboard; name = Base; path = Base.lproj/LaunchScreen.storyboard; sourceTree = "<group>"; };
		1A44CDA82AEA8BD0005F6942 /* Info.plist */ = {isa = PBXFileReference; lastKnownFileType = text.plist.xml; path = Info.plist; sourceTree = "<group>"; };
		1A44CDAE2AEA9164005F6942 /* CollectionViewCell.swift */ = {isa = PBXFileReference; lastKnownFileType = sourcecode.swift; path = CollectionViewCell.swift; sourceTree = "<group>"; };
		1A44CDB02AEA9365005F6942 /* country.swift */ = {isa = PBXFileReference; lastKnownFileType = sourcecode.swift; path = country.swift; sourceTree = "<group>"; };
		1A44CDB22AEAA673005F6942 /* ViewController2.swift */ = {isa = PBXFileReference; lastKnownFileType = sourcecode.swift; path = ViewController2.swift; sourceTree = "<group>"; };
		1A44CDB42AEAA6EF005F6942 /* CWButton.swift */ = {isa = PBXFileReference; lastKnownFileType = sourcecode.swift; path = CWButton.swift; sourceTree = "<group>"; };
/* End PBXFileReference section */

/* Begin PBXFrameworksBuildPhase section */
		1A44CD942AEA8BCE005F6942 /* Frameworks */ = {
			isa = PBXFrameworksBuildPhase;
			buildActionMask = 2147483647;
			files = (
			);
			runOnlyForDeploymentPostprocessing = 0;
		};
/* End PBXFrameworksBuildPhase section */

/* Begin PBXGroup section */
		1A44CD8E2AEA8BCD005F6942 = {
			isa = PBXGroup;
			children = (
				1A44CD992AEA8BCE005F6942 /* CurrencyConventor */,
				1A44CD982AEA8BCE005F6942 /* Products */,
			);
			sourceTree = "<group>";
		};
		1A44CD982AEA8BCE005F6942 /* Products */ = {
			isa = PBXGroup;
			children = (
				1A44CD972AEA8BCE005F6942 /* CurrencyConventor.app */,
			);
			name = Products;
			sourceTree = "<group>";
		};
		1A44CD992AEA8BCE005F6942 /* CurrencyConventor */ = {
			isa = PBXGroup;
			children = (
				1A44CD9A2AEA8BCE005F6942 /* AppDelegate.swift */,
				1A44CD9C2AEA8BCE005F6942 /* SceneDelegate.swift */,
				1A44CD9E2AEA8BCE005F6942 /* ViewController.swift */,
				1A44CDAE2AEA9164005F6942 /* CollectionViewCell.swift */,
				1A44CDB02AEA9365005F6942 /* country.swift */,
				1A44CDB22AEAA673005F6942 /* ViewController2.swift */,
				1A44CDB42AEAA6EF005F6942 /* CWButton.swift */,
				1A44CDA32AEA8BD0005F6942 /* Assets.xcassets */,
				1A44CDA52AEA8BD0005F6942 /* LaunchScreen.storyboard */,
				1A44CDA82AEA8BD0005F6942 /* Info.plist */,
			);
			path = CurrencyConventor;
			sourceTree = "<group>";
		};
/* End PBXGroup section */

/* Begin PBXNativeTarget section */
		1A44CD962AEA8BCE005F6942 /* CurrencyConventor */ = {
			isa = PBXNativeTarget;
			buildConfigurationList = 1A44CDAB2AEA8BD0005F6942 /* Build configuration list for PBXNativeTarget "CurrencyConventor" */;
			buildPhases = (
				1A44CD932AEA8BCE005F6942 /* Sources */,
				1A44CD942AEA8BCE005F6942 /* Frameworks */,
				1A44CD952AEA8BCE005F6942 /* Resources */,
			);
			buildRules = (
			);
			dependencies = (
			);
			name = CurrencyConventor;
			productName = CurrencyConventor;
			productReference = 1A44CD972AEA8BCE005F6942 /* CurrencyConventor.app */;
			productType = "com.apple.product-type.application";
		};
/* End PBXNativeTarget section */

/* Begin PBXProject section */
		1A44CD8F2AEA8BCD005F6942 /* Project object */ = {
			isa = PBXProject;
			attributes = {
				BuildIndependentTargetsInParallel = 1;
				LastSwiftUpdateCheck = 1500;
				LastUpgradeCheck = 1500;
				TargetAttributes = {
					1A44CD962AEA8BCE005F6942 = {
						CreatedOnToolsVersion = 15.0.1;
					};
				};
			};
			buildConfigurationList = 1A44CD922AEA8BCD005F6942 /* Build configuration list for PBXProject "CurrencyConventor" */;
			compatibilityVersion = "Xcode 14.0";
			developmentRegion = en;
			hasScannedForEncodings = 0;
			knownRegions = (
				en,
				Base,
			);
			mainGroup = 1A44CD8E2AEA8BCD005F6942;
			productRefGroup = 1A44CD982AEA8BCE005F6942 /* Products */;
			projectDirPath = "";
			projectRoot = "";
			targets = (
				1A44CD962AEA8BCE005F6942 /* CurrencyConventor */,
			);
		};
/* End PBXProject section */

/* Begin PBXResourcesBuildPhase section */
		1A44CD952AEA8BCE005F6942 /* Resources */ = {
			isa = PBXResourcesBuildPhase;
			buildActionMask = 2147483647;
			files = (
				1A44CDA72AEA8BD0005F6942 /* LaunchScreen.storyboard in Resources */,
				1A44CDA42AEA8BD0005F6942 /* Assets.xcassets in Resources */,
			);
			runOnlyForDeploymentPostprocessing = 0;
		};
/* End PBXResourcesBuildPhase section */

/* Begin PBXSourcesBuildPhase section */
		1A44CD932AEA8BCE005F6942 /* Sources */ = {
			isa = PBXSourcesBuildPhase;
			buildActionMask = 2147483647;
			files = (
				1A44CDB12AEA9365005F6942 /* country.swift in Sources */,
				1A44CD9F2AEA8BCE005F6942 /* ViewController.swift in Sources */,
				1A44CD9B2AEA8BCE005F6942 /* AppDelegate.swift in Sources */,
				1A44CDAF2AEA9164005F6942 /* CollectionViewCell.swift in Sources */,
				1A44CDB52AEAA6EF005F6942 /* CWButton.swift in Sources */,
				1A44CD9D2AEA8BCE005F6942 /* SceneDelegate.swift in Sources */,
				1A44CDB32AEAA673005F6942 /* ViewController2.swift in Sources */,
			);
			runOnlyForDeploymentPostprocessing = 0;
		};
/* End PBXSourcesBuildPhase section */

/* Begin PBXVariantGroup section */
		1A44CDA52AEA8BD0005F6942 /* LaunchScreen.storyboard */ = {
			isa = PBXVariantGroup;
			children = (
				1A44CDA62AEA8BD0005F6942 /* Base */,
			);
			name = LaunchScreen.storyboard;
			sourceTree = "<group>";
		};
/* End PBXVariantGroup section */

/* Begin XCBuildConfiguration section */
		1A44CDA92AEA8BD0005F6942 /* Debug */ = {
			isa = XCBuildConfiguration;
			buildSettings = {
				ALWAYS_SEARCH_USER_PATHS = NO;
				ASSETCATALOG_COMPILER_GENERATE_SWIFT_ASSET_SYMBOL_EXTENSIONS = YES;
				CLANG_ANALYZER_NONNULL = YES;
				CLANG_ANALYZER_NUMBER_OBJECT_CONVERSION = YES_AGGRESSIVE;
				CLANG_CXX_LANGUAGE_STANDARD = "gnu++20";
				CLANG_ENABLE_MODULES = YES;
				CLANG_ENABLE_OBJC_ARC = YES;
				CLANG_ENABLE_OBJC_WEAK = YES;
				CLANG_WARN_BLOCK_CAPTURE_AUTORELEASING = YES;
				CLANG_WARN_BOOL_CONVERSION = YES;
				CLANG_WARN_COMMA = YES;
				CLANG_WARN_CONSTANT_CONVERSION = YES;
				CLANG_WARN_DEPRECATED_OBJC_IMPLEMENTATIONS = YES;
				CLANG_WARN_DIRECT_OBJC_ISA_USAGE = YES_ERROR;
				CLANG_WARN_DOCUMENTATION_COMMENTS = YES;
				CLANG_WARN_EMPTY_BODY = YES;
				CLANG_WARN_ENUM_CONVERSION = YES;
				CLANG_WARN_INFINITE_RECURSION = YES;
				CLANG_WARN_INT_CONVERSION = YES;
				CLANG_WARN_NON_LITERAL_NULL_CONVERSION = YES;
				CLANG_WARN_OBJC_IMPLICIT_RETAIN_SELF = YES;
				CLANG_WARN_OBJC_LITERAL_CONVERSION = YES;
				CLANG_WARN_OBJC_ROOT_CLASS = YES_ERROR;
				CLANG_WARN_QUOTED_INCLUDE_IN_FRAMEWORK_HEADER = YES;
				CLANG_WARN_RANGE_LOOP_ANALYSIS = YES;
				CLANG_WARN_STRICT_PROTOTYPES = YES;
				CLANG_WARN_SUSPICIOUS_MOVE = YES;
				CLANG_WARN_UNGUARDED_AVAILABILITY = YES_AGGRESSIVE;
				CLANG_WARN_UNREACHABLE_CODE = YES;
				CLANG_WARN__DUPLICATE_METHOD_MATCH = YES;
				COPY_PHASE_STRIP = NO;
				DEBUG_INFORMATION_FORMAT = dwarf;
				ENABLE_STRICT_OBJC_MSGSEND = YES;
				ENABLE_TESTABILITY = YES;
				ENABLE_USER_SCRIPT_SANDBOXING = YES;
				GCC_C_LANGUAGE_STANDARD = gnu17;
				GCC_DYNAMIC_NO_PIC = NO;
				GCC_NO_COMMON_BLOCKS = YES;
				GCC_OPTIMIZATION_LEVEL = 0;
				GCC_PREPROCESSOR_DEFINITIONS = (
					"DEBUG=1",
					"$(inherited)",
				);
				GCC_WARN_64_TO_32_BIT_CONVERSION = YES;
				GCC_WARN_ABOUT_RETURN_TYPE = YES_ERROR;
				GCC_WARN_UNDECLARED_SELECTOR = YES;
				GCC_WARN_UNINITIALIZED_AUTOS = YES_AGGRESSIVE;
				GCC_WARN_UNUSED_FUNCTION = YES;
				GCC_WARN_UNUSED_VARIABLE = YES;
				IPHONEOS_DEPLOYMENT_TARGET = 17.0;
				LOCALIZATION_PREFERS_STRING_CATALOGS = YES;
				MTL_ENABLE_DEBUG_INFO = INCLUDE_SOURCE;
				MTL_FAST_MATH = YES;
				ONLY_ACTIVE_ARCH = YES;
				SDKROOT = iphoneos;
				SWIFT_ACTIVE_COMPILATION_CONDITIONS = "DEBUG $(inherited)";
				SWIFT_OPTIMIZATION_LEVEL = "-Onone";
			};
			name = Debug;
		};
		1A44CDAA2AEA8BD0005F6942 /* Release */ = {
			isa = XCBuildConfiguration;
			buildSettings = {
				ALWAYS_SEARCH_USER_PATHS = NO;
				ASSETCATALOG_COMPILER_GENERATE_SWIFT_ASSET_SYMBOL_EXTENSIONS = YES;
				CLANG_ANALYZER_NONNULL = YES;
				CLANG_ANALYZER_NUMBER_OBJECT_CONVERSION = YES_AGGRESSIVE;
				CLANG_CXX_LANGUAGE_STANDARD = "gnu++20";
				CLANG_ENABLE_MODULES = YES;
				CLANG_ENABLE_OBJC_ARC = YES;
				CLANG_ENABLE_OBJC_WEAK = YES;
				CLANG_WARN_BLOCK_CAPTURE_AUTORELEASING = YES;
				CLANG_WARN_BOOL_CONVERSION = YES;
				CLANG_WARN_COMMA = YES;
				CLANG_WARN_CONSTANT_CONVERSION = YES;
				CLANG_WARN_DEPRECATED_OBJC_IMPLEMENTATIONS = YES;
				CLANG_WARN_DIRECT_OBJC_ISA_USAGE = YES_ERROR;
				CLANG_WARN_DOCUMENTATION_COMMENTS = YES;
				CLANG_WARN_EMPTY_BODY = YES;
				CLANG_WARN_ENUM_CONVERSION = YES;
				CLANG_WARN_INFINITE_RECURSION = YES;
				CLANG_WARN_INT_CONVERSION = YES;
				CLANG_WARN_NON_LITERAL_NULL_CONVERSION = YES;
				CLANG_WARN_OBJC_IMPLICIT_RETAIN_SELF = YES;
				CLANG_WARN_OBJC_LITERAL_CONVERSION = YES;
				CLANG_WARN_OBJC_ROOT_CLASS = YES_ERROR;
				CLANG_WARN_QUOTED_INCLUDE_IN_FRAMEWORK_HEADER = YES;
				CLANG_WARN_RANGE_LOOP_ANALYSIS = YES;
				CLANG_WARN_STRICT_PROTOTYPES = YES;
				CLANG_WARN_SUSPICIOUS_MOVE = YES;
				CLANG_WARN_UNGUARDED_AVAILABILITY = YES_AGGRESSIVE;
				CLANG_WARN_UNREACHABLE_CODE = YES;
				CLANG_WARN__DUPLICATE_METHOD_MATCH = YES;
				COPY_PHASE_STRIP = NO;
				DEBUG_INFORMATION_FORMAT = "dwarf-with-dsym";
				ENABLE_NS_ASSERTIONS = NO;
				ENABLE_STRICT_OBJC_MSGSEND = YES;
				ENABLE_USER_SCRIPT_SANDBOXING = YES;
				GCC_C_LANGUAGE_STANDARD = gnu17;
				GCC_NO_COMMON_BLOCKS = YES;
				GCC_WARN_64_TO_32_BIT_CONVERSION = YES;
				GCC_WARN_ABOUT_RETURN_TYPE = YES_ERROR;
				GCC_WARN_UNDECLARED_SELECTOR = YES;
				GCC_WARN_UNINITIALIZED_AUTOS = YES_AGGRESSIVE;
				GCC_WARN_UNUSED_FUNCTION = YES;
				GCC_WARN_UNUSED_VARIABLE = YES;
				IPHONEOS_DEPLOYMENT_TARGET = 17.0;
				LOCALIZATION_PREFERS_STRING_CATALOGS = YES;
				MTL_ENABLE_DEBUG_INFO = NO;
				MTL_FAST_MATH = YES;
				SDKROOT = iphoneos;
				SWIFT_COMPILATION_MODE = wholemodule;
				VALIDATE_PRODUCT = YES;
			};
			name = Release;
		};
		1A44CDAC2AEA8BD0005F6942 /* Debug */ = {
			isa = XCBuildConfiguration;
			buildSettings = {
				ASSETCATALOG_COMPILER_APPICON_NAME = AppIcon;
				ASSETCATALOG_COMPILER_GLOBAL_ACCENT_COLOR_NAME = AccentColor;
				CODE_SIGN_STYLE = Automatic;
				CURRENT_PROJECT_VERSION = 1;
				DEVELOPMENT_TEAM = L49ZU532QC;
				GENERATE_INFOPLIST_FILE = YES;
				INFOPLIST_FILE = CurrencyConventor/Info.plist;
				INFOPLIST_KEY_UIApplicationSupportsIndirectInputEvents = YES;
				INFOPLIST_KEY_UILaunchStoryboardName = LaunchScreen;
				INFOPLIST_KEY_UISupportedInterfaceOrientations_iPad = "UIInterfaceOrientationPortrait UIInterfaceOrientationPortraitUpsideDown UIInterfaceOrientationLandscapeLeft UIInterfaceOrientationLandscapeRight";
				INFOPLIST_KEY_UISupportedInterfaceOrientations_iPhone = "UIInterfaceOrientationPortrait UIInterfaceOrientationLandscapeLeft UIInterfaceOrientationLandscapeRight";
				LD_RUNPATH_SEARCH_PATHS = (
					"$(inherited)",
					"@executable_path/Frameworks",
				);
				MARKETING_VERSION = 1.0;
				PRODUCT_BUNDLE_IDENTIFIER = com.wasabi.CurrencyConventor;
				PRODUCT_NAME = "$(TARGET_NAME)";
				SWIFT_EMIT_LOC_STRINGS = YES;
				SWIFT_VERSION = 5.0;
				TARGETED_DEVICE_FAMILY = "1,2";
			};
			name = Debug;
		};
		1A44CDAD2AEA8BD0005F6942 /* Release */ = {
			isa = XCBuildConfiguration;
			buildSettings = {
				ASSETCATALOG_COMPILER_APPICON_NAME = AppIcon;
				ASSETCATALOG_COMPILER_GLOBAL_ACCENT_COLOR_NAME = AccentColor;
				CODE_SIGN_STYLE = Automatic;
				CURRENT_PROJECT_VERSION = 1;
				DEVELOPMENT_TEAM = L49ZU532QC;
				GENERATE_INFOPLIST_FILE = YES;
				INFOPLIST_FILE = CurrencyConventor/Info.plist;
				INFOPLIST_KEY_UIApplicationSupportsIndirectInputEvents = YES;
				INFOPLIST_KEY_UILaunchStoryboardName = LaunchScreen;
				INFOPLIST_KEY_UISupportedInterfaceOrientations_iPad = "UIInterfaceOrientationPortrait UIInterfaceOrientationPortraitUpsideDown UIInterfaceOrientationLandscapeLeft UIInterfaceOrientationLandscapeRight";
				INFOPLIST_KEY_UISupportedInterfaceOrientations_iPhone = "UIInterfaceOrientationPortrait UIInterfaceOrientationLandscapeLeft UIInterfaceOrientationLandscapeRight";
				LD_RUNPATH_SEARCH_PATHS = (
					"$(inherited)",
					"@executable_path/Frameworks",
				);
				MARKETING_VERSION = 1.0;
				PRODUCT_BUNDLE_IDENTIFIER = com.wasabi.CurrencyConventor;
				PRODUCT_NAME = "$(TARGET_NAME)";
				SWIFT_EMIT_LOC_STRINGS = YES;
				SWIFT_VERSION = 5.0;
				TARGETED_DEVICE_FAMILY = "1,2";
			};
			name = Release;
		};
/* End XCBuildConfiguration section */

/* Begin XCConfigurationList section */
		1A44CD922AEA8BCD005F6942 /* Build configuration list for PBXProject "CurrencyConventor" */ = {
			isa = XCConfigurationList;
			buildConfigurations = (
				1A44CDA92AEA8BD0005F6942 /* Debug */,
				1A44CDAA2AEA8BD0005F6942 /* Release */,
			);
			defaultConfigurationIsVisible = 0;
			defaultConfigurationName = Release;
		};
		1A44CDAB2AEA8BD0005F6942 /* Build configuration list for PBXNativeTarget "CurrencyConventor" */ = {
			isa = XCConfigurationList;
			buildConfigurations = (
				1A44CDAC2AEA8BD0005F6942 /* Debug */,
				1A44CDAD2AEA8BD0005F6942 /* Release */,
			);
			defaultConfigurationIsVisible = 0;
			defaultConfigurationName = Release;
		};
/* End XCConfigurationList section */
	};
	rootObject = 1A44CD8F2AEA8BCD005F6942 /* Project object */;
}
